dependencies:
- name: common
  repository: oci://gitregistry.knut.univention.de/univention/customers/dataport/upx/common-helm/helm
  version: 0.2.0
- name: postgresql
  repository: https://charts.bitnami.com/bitnami
  version: 12.7.3
digest: sha256:a8e02433880020ad21dfcb8a909dd5eacbe075c77683212a010cf3eb944ff1a8
generated: "2024-01-21T22:33:22.273793+01:00"
